# This file is automatically @generated by Cargo.
# It is not intended for manual editing.
[[package]]
name = "adler32"
version = "1.0.4"
source = "registry+https://github.com/rust-lang/crates.io-index"

[[package]]
name = "approx"
version = "0.4.0"
source = "registry+https://github.com/rust-lang/crates.io-index"
dependencies = [
 "num-traits 0.2.15 (registry+https://github.com/rust-lang/crates.io-index)",
]

[[package]]
name = "autocfg"
version = "1.1.0"
source = "registry+https://github.com/rust-lang/crates.io-index"

[[package]]
name = "bitflags"
version = "1.2.1"
source = "registry+https://github.com/rust-lang/crates.io-index"

[[package]]
name = "bstr"
version = "0.2.17"
source = "registry+https://github.com/rust-lang/crates.io-index"
dependencies = [
 "lazy_static 1.4.0 (registry+https://github.com/rust-lang/crates.io-index)",
 "memchr 2.5.0 (registry+https://github.com/rust-lang/crates.io-index)",
 "regex-automata 0.1.10 (registry+https://github.com/rust-lang/crates.io-index)",
 "serde 1.0.137 (registry+https://github.com/rust-lang/crates.io-index)",
]

[[package]]
name = "byteorder"
version = "1.3.2"
source = "registry+https://github.com/rust-lang/crates.io-index"

[[package]]
name = "cc"
version = "1.0.79"
source = "registry+https://github.com/rust-lang/crates.io-index"
dependencies = [
 "jobserver 0.1.17 (registry+https://github.com/rust-lang/crates.io-index)",
]

[[package]]
name = "cfg-if"
version = "0.1.10"
source = "registry+https://github.com/rust-lang/crates.io-index"

[[package]]
name = "crc32fast"
version = "1.2.0"
source = "registry+https://github.com/rust-lang/crates.io-index"
dependencies = [
 "cfg-if 0.1.10 (registry+https://github.com/rust-lang/crates.io-index)",
]

[[package]]
name = "csv"
version = "1.1.6"
source = "registry+https://github.com/rust-lang/crates.io-index"
dependencies = [
 "bstr 0.2.17 (registry+https://github.com/rust-lang/crates.io-index)",
 "csv-core 0.1.10 (registry+https://github.com/rust-lang/crates.io-index)",
 "itoa 0.4.8 (registry+https://github.com/rust-lang/crates.io-index)",
 "ryu 1.0.10 (registry+https://github.com/rust-lang/crates.io-index)",
 "serde 1.0.137 (registry+https://github.com/rust-lang/crates.io-index)",
]

[[package]]
name = "csv-core"
version = "0.1.10"
source = "registry+https://github.com/rust-lang/crates.io-index"
dependencies = [
 "memchr 2.5.0 (registry+https://github.com/rust-lang/crates.io-index)",
]

[[package]]
name = "deflate"
version = "0.7.20"
source = "registry+https://github.com/rust-lang/crates.io-index"
dependencies = [
 "adler32 1.0.4 (registry+https://github.com/rust-lang/crates.io-index)",
 "byteorder 1.3.2 (registry+https://github.com/rust-lang/crates.io-index)",
]

[[package]]
name = "generic-array"
version = "0.14.5"
source = "registry+https://github.com/rust-lang/crates.io-index"
dependencies = [
 "typenum 1.15.0 (registry+https://github.com/rust-lang/crates.io-index)",
 "version_check 0.9.4 (registry+https://github.com/rust-lang/crates.io-index)",
]

[[package]]
name = "getrandom"
version = "0.1.12"
source = "registry+https://github.com/rust-lang/crates.io-index"
dependencies = [
 "cfg-if 0.1.10 (registry+https://github.com/rust-lang/crates.io-index)",
 "libc 0.2.126 (registry+https://github.com/rust-lang/crates.io-index)",
 "wasi 0.7.0 (registry+https://github.com/rust-lang/crates.io-index)",
]

[[package]]
name = "gl"
version = "0.14.0"
source = "registry+https://github.com/rust-lang/crates.io-index"
dependencies = [
 "gl_generator 0.14.0 (registry+https://github.com/rust-lang/crates.io-index)",
]

[[package]]
name = "gl_generator"
version = "0.14.0"
source = "registry+https://github.com/rust-lang/crates.io-index"
dependencies = [
 "khronos_api 3.1.0 (registry+https://github.com/rust-lang/crates.io-index)",
 "log 0.4.8 (registry+https://github.com/rust-lang/crates.io-index)",
 "xml-rs 0.8.4 (registry+https://github.com/rust-lang/crates.io-index)",
]

[[package]]
name = "glob"
version = "0.3.0"
source = "registry+https://github.com/rust-lang/crates.io-index"

[[package]]
name = "gltf-derive"
version = "1.0.0"
source = "registry+https://github.com/rust-lang/crates.io-index"
dependencies = [
 "inflections 1.1.1 (registry+https://github.com/rust-lang/crates.io-index)",
 "proc-macro2 1.0.39 (registry+https://github.com/rust-lang/crates.io-index)",
 "quote 1.0.18 (registry+https://github.com/rust-lang/crates.io-index)",
 "syn 1.0.96 (registry+https://github.com/rust-lang/crates.io-index)",
]

[[package]]
name = "gltf-json"
version = "1.0.0"
source = "registry+https://github.com/rust-lang/crates.io-index"
dependencies = [
 "gltf-derive 1.0.0 (registry+https://github.com/rust-lang/crates.io-index)",
 "serde 1.0.137 (registry+https://github.com/rust-lang/crates.io-index)",
 "serde_derive 1.0.137 (registry+https://github.com/rust-lang/crates.io-index)",
 "serde_json 1.0.91 (registry+https://github.com/rust-lang/crates.io-index)",
]

[[package]]
name = "inflate"
version = "0.4.5"
source = "registry+https://github.com/rust-lang/crates.io-index"
dependencies = [
 "adler32 1.0.4 (registry+https://github.com/rust-lang/crates.io-index)",
]

[[package]]
name = "inflections"
version = "1.1.1"
source = "registry+https://github.com/rust-lang/crates.io-index"

[[package]]
name = "itoa"
version = "0.4.8"
source = "registry+https://github.com/rust-lang/crates.io-index"

[[package]]
name = "itoa"
version = "1.0.5"
source = "registry+https://github.com/rust-lang/crates.io-index"

[[package]]
name = "jobserver"
version = "0.1.17"
source = "registry+https://github.com/rust-lang/crates.io-index"
dependencies = [
 "getrandom 0.1.12 (registry+https://github.com/rust-lang/crates.io-index)",
 "libc 0.2.126 (registry+https://github.com/rust-lang/crates.io-index)",
 "log 0.4.8 (registry+https://github.com/rust-lang/crates.io-index)",
]

[[package]]
name = "khronos_api"
version = "3.1.0"
source = "registry+https://github.com/rust-lang/crates.io-index"

[[package]]
name = "lazy_static"
version = "1.4.0"
source = "registry+https://github.com/rust-lang/crates.io-index"

[[package]]
name = "libc"
version = "0.2.126"
source = "registry+https://github.com/rust-lang/crates.io-index"

[[package]]
name = "log"
version = "0.4.8"
source = "registry+https://github.com/rust-lang/crates.io-index"
dependencies = [
 "cfg-if 0.1.10 (registry+https://github.com/rust-lang/crates.io-index)",
]

[[package]]
name = "matrixmultiply"
version = "0.3.2"
source = "registry+https://github.com/rust-lang/crates.io-index"
dependencies = [
 "rawpointer 0.2.1 (registry+https://github.com/rust-lang/crates.io-index)",
]

[[package]]
name = "memchr"
version = "2.5.0"
source = "registry+https://github.com/rust-lang/crates.io-index"

[[package]]
name = "nalgebra"
version = "0.25.4"
source = "registry+https://github.com/rust-lang/crates.io-index"
dependencies = [
 "approx 0.4.0 (registry+https://github.com/rust-lang/crates.io-index)",
 "generic-array 0.14.5 (registry+https://github.com/rust-lang/crates.io-index)",
 "matrixmultiply 0.3.2 (registry+https://github.com/rust-lang/crates.io-index)",
 "num-complex 0.3.1 (registry+https://github.com/rust-lang/crates.io-index)",
 "num-rational 0.3.2 (registry+https://github.com/rust-lang/crates.io-index)",
 "num-traits 0.2.15 (registry+https://github.com/rust-lang/crates.io-index)",
 "serde 1.0.137 (registry+https://github.com/rust-lang/crates.io-index)",
 "simba 0.4.0 (registry+https://github.com/rust-lang/crates.io-index)",
 "typenum 1.15.0 (registry+https://github.com/rust-lang/crates.io-index)",
]

[[package]]
name = "num-complex"
version = "0.3.1"
source = "registry+https://github.com/rust-lang/crates.io-index"
dependencies = [
 "num-traits 0.2.15 (registry+https://github.com/rust-lang/crates.io-index)",
]

[[package]]
name = "num-integer"
version = "0.1.45"
source = "registry+https://github.com/rust-lang/crates.io-index"
dependencies = [
 "autocfg 1.1.0 (registry+https://github.com/rust-lang/crates.io-index)",
 "num-traits 0.2.15 (registry+https://github.com/rust-lang/crates.io-index)",
]

[[package]]
name = "num-rational"
version = "0.3.2"
source = "registry+https://github.com/rust-lang/crates.io-index"
dependencies = [
 "autocfg 1.1.0 (registry+https://github.com/rust-lang/crates.io-index)",
 "num-integer 0.1.45 (registry+https://github.com/rust-lang/crates.io-index)",
 "num-traits 0.2.15 (registry+https://github.com/rust-lang/crates.io-index)",
]

[[package]]
name = "num-traits"
version = "0.2.15"
source = "registry+https://github.com/rust-lang/crates.io-index"
dependencies = [
 "autocfg 1.1.0 (registry+https://github.com/rust-lang/crates.io-index)",
]

[[package]]
name = "paste"
version = "1.0.7"
source = "registry+https://github.com/rust-lang/crates.io-index"

[[package]]
name = "png"
version = "0.15.0"
source = "registry+https://github.com/rust-lang/crates.io-index"
dependencies = [
 "bitflags 1.2.1 (registry+https://github.com/rust-lang/crates.io-index)",
 "crc32fast 1.2.0 (registry+https://github.com/rust-lang/crates.io-index)",
 "deflate 0.7.20 (registry+https://github.com/rust-lang/crates.io-index)",
 "inflate 0.4.5 (registry+https://github.com/rust-lang/crates.io-index)",
]

[[package]]
name = "proc-macro2"
version = "1.0.39"
source = "registry+https://github.com/rust-lang/crates.io-index"
dependencies = [
 "unicode-ident 1.0.0 (registry+https://github.com/rust-lang/crates.io-index)",
]

[[package]]
name = "quote"
version = "1.0.18"
source = "registry+https://github.com/rust-lang/crates.io-index"
dependencies = [
 "proc-macro2 1.0.39 (registry+https://github.com/rust-lang/crates.io-index)",
]

[[package]]
name = "rawpointer"
version = "0.2.1"
source = "registry+https://github.com/rust-lang/crates.io-index"

[[package]]
name = "regex-automata"
version = "0.1.10"
source = "registry+https://github.com/rust-lang/crates.io-index"

[[package]]
name = "rk-convert"
version = "0.1.0"
dependencies = [
 "byteorder 1.3.2 (registry+https://github.com/rust-lang/crates.io-index)",
 "cc 1.0.79 (registry+https://github.com/rust-lang/crates.io-index)",
 "csv 1.1.6 (registry+https://github.com/rust-lang/crates.io-index)",
 "gl 0.14.0 (registry+https://github.com/rust-lang/crates.io-index)",
 "gltf-json 1.0.0 (registry+https://github.com/rust-lang/crates.io-index)",
 "libc 0.2.126 (registry+https://github.com/rust-lang/crates.io-index)",
 "nalgebra 0.25.4 (registry+https://github.com/rust-lang/crates.io-index)",
 "png 0.15.0 (registry+https://github.com/rust-lang/crates.io-index)",
 "sdl2 0.34.5 (registry+https://github.com/rust-lang/crates.io-index)",
 "zstd 0.4.28+zstd.1.4.3 (registry+https://github.com/rust-lang/crates.io-index)",
]

[[package]]
name = "ryu"
version = "1.0.10"
source = "registry+https://github.com/rust-lang/crates.io-index"

[[package]]
name = "sdl2"
version = "0.34.5"
source = "registry+https://github.com/rust-lang/crates.io-index"
dependencies = [
 "bitflags 1.2.1 (registry+https://github.com/rust-lang/crates.io-index)",
 "lazy_static 1.4.0 (registry+https://github.com/rust-lang/crates.io-index)",
 "libc 0.2.126 (registry+https://github.com/rust-lang/crates.io-index)",
 "sdl2-sys 0.34.5 (registry+https://github.com/rust-lang/crates.io-index)",
]

[[package]]
name = "sdl2-sys"
version = "0.34.5"
source = "registry+https://github.com/rust-lang/crates.io-index"
dependencies = [
 "cfg-if 0.1.10 (registry+https://github.com/rust-lang/crates.io-index)",
 "libc 0.2.126 (registry+https://github.com/rust-lang/crates.io-index)",
 "version-compare 0.0.10 (registry+https://github.com/rust-lang/crates.io-index)",
]

[[package]]
name = "serde"
version = "1.0.137"
source = "registry+https://github.com/rust-lang/crates.io-index"
dependencies = [
 "serde_derive 1.0.137 (registry+https://github.com/rust-lang/crates.io-index)",
]

[[package]]
name = "serde_derive"
version = "1.0.137"
source = "registry+https://github.com/rust-lang/crates.io-index"
dependencies = [
 "proc-macro2 1.0.39 (registry+https://github.com/rust-lang/crates.io-index)",
 "quote 1.0.18 (registry+https://github.com/rust-lang/crates.io-index)",
 "syn 1.0.96 (registry+https://github.com/rust-lang/crates.io-index)",
]

[[package]]
name = "serde_json"
version = "1.0.91"
source = "registry+https://github.com/rust-lang/crates.io-index"
dependencies = [
 "itoa 1.0.5 (registry+https://github.com/rust-lang/crates.io-index)",
 "ryu 1.0.10 (registry+https://github.com/rust-lang/crates.io-index)",
 "serde 1.0.137 (registry+https://github.com/rust-lang/crates.io-index)",
]

[[package]]
name = "simba"
version = "0.4.0"
source = "registry+https://github.com/rust-lang/crates.io-index"
dependencies = [
 "approx 0.4.0 (registry+https://github.com/rust-lang/crates.io-index)",
 "num-complex 0.3.1 (registry+https://github.com/rust-lang/crates.io-index)",
 "num-traits 0.2.15 (registry+https://github.com/rust-lang/crates.io-index)",
 "paste 1.0.7 (registry+https://github.com/rust-lang/crates.io-index)",
]

[[package]]
name = "syn"
version = "1.0.96"
source = "registry+https://github.com/rust-lang/crates.io-index"
dependencies = [
 "proc-macro2 1.0.39 (registry+https://github.com/rust-lang/crates.io-index)",
 "quote 1.0.18 (registry+https://github.com/rust-lang/crates.io-index)",
 "unicode-ident 1.0.0 (registry+https://github.com/rust-lang/crates.io-index)",
]

[[package]]
name = "typenum"
version = "1.15.0"
source = "registry+https://github.com/rust-lang/crates.io-index"

[[package]]
name = "unicode-ident"
version = "1.0.0"
source = "registry+https://github.com/rust-lang/crates.io-index"

[[package]]
name = "version-compare"
version = "0.0.10"
source = "registry+https://github.com/rust-lang/crates.io-index"

[[package]]
name = "version_check"
version = "0.9.4"
source = "registry+https://github.com/rust-lang/crates.io-index"

[[package]]
name = "wasi"
version = "0.7.0"
source = "registry+https://github.com/rust-lang/crates.io-index"

[[package]]
name = "xml-rs"
version = "0.8.4"
source = "registry+https://github.com/rust-lang/crates.io-index"

[[package]]
name = "zstd"
version = "0.4.28+zstd.1.4.3"
source = "registry+https://github.com/rust-lang/crates.io-index"
dependencies = [
 "zstd-safe 1.4.13+zstd.1.4.3 (registry+https://github.com/rust-lang/crates.io-index)",
]

[[package]]
name = "zstd-safe"
version = "1.4.13+zstd.1.4.3"
source = "registry+https://github.com/rust-lang/crates.io-index"
dependencies = [
 "libc 0.2.126 (registry+https://github.com/rust-lang/crates.io-index)",
 "zstd-sys 1.4.13+zstd.1.4.3 (registry+https://github.com/rust-lang/crates.io-index)",
]

[[package]]
name = "zstd-sys"
version = "1.4.13+zstd.1.4.3"
source = "registry+https://github.com/rust-lang/crates.io-index"
dependencies = [
 "cc 1.0.79 (registry+https://github.com/rust-lang/crates.io-index)",
 "glob 0.3.0 (registry+https://github.com/rust-lang/crates.io-index)",
 "libc 0.2.126 (registry+https://github.com/rust-lang/crates.io-index)",
]

[metadata]
"checksum adler32 1.0.4 (registry+https://github.com/rust-lang/crates.io-index)" = "5d2e7343e7fc9de883d1b0341e0b13970f764c14101234857d2ddafa1cb1cac2"
"checksum approx 0.4.0 (registry+https://github.com/rust-lang/crates.io-index)" = "3f2a05fd1bd10b2527e20a2cd32d8873d115b8b39fe219ee25f42a8aca6ba278"
"checksum autocfg 1.1.0 (registry+https://github.com/rust-lang/crates.io-index)" = "d468802bab17cbc0cc575e9b053f41e72aa36bfa6b7f55e3529ffa43161b97fa"
"checksum bitflags 1.2.1 (registry+https://github.com/rust-lang/crates.io-index)" = "cf1de2fe8c75bc145a2f577add951f8134889b4795d47466a54a5c846d691693"
"checksum bstr 0.2.17 (registry+https://github.com/rust-lang/crates.io-index)" = "ba3569f383e8f1598449f1a423e72e99569137b47740b1da11ef19af3d5c3223"
"checksum byteorder 1.3.2 (registry+https://github.com/rust-lang/crates.io-index)" = "a7c3dd8985a7111efc5c80b44e23ecdd8c007de8ade3b96595387e812b957cf5"
"checksum cc 1.0.79 (registry+https://github.com/rust-lang/crates.io-index)" = "50d30906286121d95be3d479533b458f87493b30a4b5f79a607db8f5d11aa91f"
"checksum cfg-if 0.1.10 (registry+https://github.com/rust-lang/crates.io-index)" = "4785bdd1c96b2a846b2bd7cc02e86b6b3dbf14e7e53446c4f54c92a361040822"
"checksum crc32fast 1.2.0 (registry+https://github.com/rust-lang/crates.io-index)" = "ba125de2af0df55319f41944744ad91c71113bf74a4646efff39afe1f6842db1"
"checksum csv 1.1.6 (registry+https://github.com/rust-lang/crates.io-index)" = "22813a6dc45b335f9bade10bf7271dc477e81113e89eb251a0bc2a8a81c536e1"
"checksum csv-core 0.1.10 (registry+https://github.com/rust-lang/crates.io-index)" = "2b2466559f260f48ad25fe6317b3c8dac77b5bdb5763ac7d9d6103530663bc90"
"checksum deflate 0.7.20 (registry+https://github.com/rust-lang/crates.io-index)" = "707b6a7b384888a70c8d2e8650b3e60170dfc6a67bb4aa67b6dfca57af4bedb4"
"checksum generic-array 0.14.5 (registry+https://github.com/rust-lang/crates.io-index)" = "fd48d33ec7f05fbfa152300fdad764757cbded343c1aa1cff2fbaf4134851803"
"checksum getrandom 0.1.12 (registry+https://github.com/rust-lang/crates.io-index)" = "473a1265acc8ff1e808cd0a1af8cee3c2ee5200916058a2ca113c29f2d903571"
"checksum gl 0.14.0 (registry+https://github.com/rust-lang/crates.io-index)" = "a94edab108827d67608095e269cf862e60d920f144a5026d3dbcfd8b877fb404"
"checksum gl_generator 0.14.0 (registry+https://github.com/rust-lang/crates.io-index)" = "1a95dfc23a2b4a9a2f5ab41d194f8bfda3cabec42af4e39f08c339eb2a0c124d"
"checksum glob 0.3.0 (registry+https://github.com/rust-lang/crates.io-index)" = "9b919933a397b79c37e33b77bb2aa3dc8eb6e165ad809e58ff75bc7db2e34574"
"checksum gltf-derive 1.0.0 (registry+https://github.com/rust-lang/crates.io-index)" = "bdd53d6e284bb2bf02a6926e4cc4984978c1990914d6cd9deae4e31cf37cd113"
"checksum gltf-json 1.0.0 (registry+https://github.com/rust-lang/crates.io-index)" = "9949836a9ec5e7f83f76fb9bbcbc77f254a577ebbdb0820867bc11979ef97cad"
"checksum inflate 0.4.5 (registry+https://github.com/rust-lang/crates.io-index)" = "1cdb29978cc5797bd8dcc8e5bf7de604891df2a8dc576973d71a281e916db2ff"
"checksum inflections 1.1.1 (registry+https://github.com/rust-lang/crates.io-index)" = "a257582fdcde896fd96463bf2d40eefea0580021c0712a0e2b028b60b47a837a"
"checksum itoa 0.4.8 (registry+https://github.com/rust-lang/crates.io-index)" = "b71991ff56294aa922b450139ee08b3bfc70982c6b2c7562771375cf73542dd4"
"checksum itoa 1.0.5 (registry+https://github.com/rust-lang/crates.io-index)" = "fad582f4b9e86b6caa621cabeb0963332d92eea04729ab12892c2533951e6440"
"checksum jobserver 0.1.17 (registry+https://github.com/rust-lang/crates.io-index)" = "f2b1d42ef453b30b7387e113da1c83ab1605d90c5b4e0eb8e96d016ed3b8c160"
"checksum khronos_api 3.1.0 (registry+https://github.com/rust-lang/crates.io-index)" = "e2db585e1d738fc771bf08a151420d3ed193d9d895a36df7f6f8a9456b911ddc"
"checksum lazy_static 1.4.0 (registry+https://github.com/rust-lang/crates.io-index)" = "e2abad23fbc42b3700f2f279844dc832adb2b2eb069b2df918f455c4e18cc646"
"checksum libc 0.2.126 (registry+https://github.com/rust-lang/crates.io-index)" = "349d5a591cd28b49e1d1037471617a32ddcda5731b99419008085f72d5a53836"
"checksum log 0.4.8 (registry+https://github.com/rust-lang/crates.io-index)" = "14b6052be84e6b71ab17edffc2eeabf5c2c3ae1fdb464aae35ac50c67a44e1f7"
"checksum matrixmultiply 0.3.2 (registry+https://github.com/rust-lang/crates.io-index)" = "add85d4dd35074e6fedc608f8c8f513a3548619a9024b751949ef0e8e45a4d84"
"checksum memchr 2.5.0 (registry+https://github.com/rust-lang/crates.io-index)" = "2dffe52ecf27772e601905b7522cb4ef790d2cc203488bbd0e2fe85fcb74566d"
"checksum nalgebra 0.25.4 (registry+https://github.com/rust-lang/crates.io-index)" = "c70c9e8c5f213c8e93fc8c112ade4edd3ee62062fb897776c23dcebac7932900"
"checksum num-complex 0.3.1 (registry+https://github.com/rust-lang/crates.io-index)" = "747d632c0c558b87dbabbe6a82f3b4ae03720d0646ac5b7b4dae89394be5f2c5"
"checksum num-integer 0.1.45 (registry+https://github.com/rust-lang/crates.io-index)" = "225d3389fb3509a24c93f5c29eb6bde2586b98d9f016636dff58d7c6f7569cd9"
"checksum num-rational 0.3.2 (registry+https://github.com/rust-lang/crates.io-index)" = "12ac428b1cb17fce6f731001d307d351ec70a6d202fc2e60f7d4c5e42d8f4f07"
"checksum num-traits 0.2.15 (registry+https://github.com/rust-lang/crates.io-index)" = "578ede34cf02f8924ab9447f50c28075b4d3e5b269972345e7e0372b38c6cdcd"
"checksum paste 1.0.7 (registry+https://github.com/rust-lang/crates.io-index)" = "0c520e05135d6e763148b6426a837e239041653ba7becd2e538c076c738025fc"
"checksum png 0.15.0 (registry+https://github.com/rust-lang/crates.io-index)" = "8422b27bb2c013dd97b9aef69e161ce262236f49aaf46a0489011c8ff0264602"
"checksum proc-macro2 1.0.39 (registry+https://github.com/rust-lang/crates.io-index)" = "c54b25569025b7fc9651de43004ae593a75ad88543b17178aa5e1b9c4f15f56f"
"checksum quote 1.0.18 (registry+https://github.com/rust-lang/crates.io-index)" = "a1feb54ed693b93a84e14094943b84b7c4eae204c512b7ccb95ab0c66d278ad1"
"checksum rawpointer 0.2.1 (registry+https://github.com/rust-lang/crates.io-index)" = "60a357793950651c4ed0f3f52338f53b2f809f32d83a07f72909fa13e4c6c1e3"
"checksum regex-automata 0.1.10 (registry+https://github.com/rust-lang/crates.io-index)" = "6c230d73fb8d8c1b9c0b3135c5142a8acee3a0558fb8db5cf1cb65f8d7862132"
"checksum ryu 1.0.10 (registry+https://github.com/rust-lang/crates.io-index)" = "f3f6f92acf49d1b98f7a81226834412ada05458b7364277387724a237f062695"
"checksum sdl2 0.34.5 (registry+https://github.com/rust-lang/crates.io-index)" = "deecbc3fa9460acff5a1e563e05cb5f31bba0aa0c214bb49a43db8159176d54b"
"checksum sdl2-sys 0.34.5 (registry+https://github.com/rust-lang/crates.io-index)" = "41a29aa21f175b5a41a6e26da572d5e5d1ee5660d35f9f9d0913e8a802098f74"
"checksum serde 1.0.137 (registry+https://github.com/rust-lang/crates.io-index)" = "61ea8d54c77f8315140a05f4c7237403bf38b72704d031543aa1d16abbf517d1"
"checksum serde_derive 1.0.137 (registry+https://github.com/rust-lang/crates.io-index)" = "1f26faba0c3959972377d3b2d306ee9f71faee9714294e41bb777f83f88578be"
"checksum serde_json 1.0.91 (registry+https://github.com/rust-lang/crates.io-index)" = "877c235533714907a8c2464236f5c4b2a17262ef1bd71f38f35ea592c8da6883"
"checksum simba 0.4.0 (registry+https://github.com/rust-lang/crates.io-index)" = "5132a955559188f3d13c9ba831e77c802ddc8782783f050ed0c52f5988b95f4c"
"checksum syn 1.0.96 (registry+https://github.com/rust-lang/crates.io-index)" = "0748dd251e24453cb8717f0354206b91557e4ec8703673a4b30208f2abaf1ebf"
"checksum typenum 1.15.0 (registry+https://github.com/rust-lang/crates.io-index)" = "dcf81ac59edc17cc8697ff311e8f5ef2d99fcbd9817b34cec66f90b6c3dfd987"
"checksum unicode-ident 1.0.0 (registry+https://github.com/rust-lang/crates.io-index)" = "d22af068fba1eb5edcb4aea19d382b2a3deb4c8f9d475c589b6ada9e0fd493ee"
"checksum version-compare 0.0.10 (registry+https://github.com/rust-lang/crates.io-index)" = "d63556a25bae6ea31b52e640d7c41d1ab27faba4ccb600013837a3d0b3994ca1"
"checksum version_check 0.9.4 (registry+https://github.com/rust-lang/crates.io-index)" = "49874b5167b65d7193b8aba1567f5c7d93d001cafc34600cee003eda787e483f"
"checksum wasi 0.7.0 (registry+https://github.com/rust-lang/crates.io-index)" = "b89c3ce4ce14bdc6fb6beaf9ec7928ca331de5df7e5ea278375642a2f478570d"
"checksum xml-rs 0.8.4 (registry+https://github.com/rust-lang/crates.io-index)" = "d2d7d3948613f75c98fd9328cfdcc45acc4d360655289d0a7d4ec931392200a3"
"checksum zstd 0.4.28+zstd.1.4.3 (registry+https://github.com/rust-lang/crates.io-index)" = "f4e716acaad66f2daf2526f37a1321674a8814c0b37a366ebe6c97a699f85ddc"
"checksum zstd-safe 1.4.13+zstd.1.4.3 (registry+https://github.com/rust-lang/crates.io-index)" = "bfe4d3b26a0790201848865663e8ffabf091e126e548bc9710ccfa95621ece48"
"checksum zstd-sys 1.4.13+zstd.1.4.3 (registry+https://github.com/rust-lang/crates.io-index)" = "fadc8ebe858f056ab82dffb9d93850b841603bdf663db7cf5e3dbd7f34cc55b2"
